{
    "_readme": [
        "This file locks the dependencies of your project to a known state",
        "Read more about it at https://getcomposer.org/doc/01-basic-usage.md#composer-lock-the-lock-file",
        "This file is @generated automatically"
    ],
    "content-hash": "6c852b5cecd7c0410182110abf10736c",
    "packages": [
        {
            "name": "sales-tax-lookup/sales-tax-wa",
            "version": "v1.0.0-beta",
            "source": {
                "type": "git",
                "url": "https://github.com/sales-tax-lookup/sales-tax-wa.git",
                "reference": "dd9411243322fb23eafa372a083b50f384c028a4"
            },
            "dist": {
                "type": "zip",
                "url": "https://api.github.com/repos/sales-tax-lookup/sales-tax-wa/zipball/dd9411243322fb23eafa372a083b50f384c028a4",
                "reference": "dd9411243322fb23eafa372a083b50f384c028a4",
                "shasum": ""
            },
            "require": {
                "php": "^7.0"
            },
            "require-dev": {
                "phpspec/phpspec": "^3.4"
            },
            "type": "library",
            "autoload": {
                "psr-4": {
                    "SalesTaxWA\\": "src/"
                }
            },
            "notification-url": "https://packagist.org/downloads/",
            "license": [
                "MIT"
            ],
            "authors": [
                {
                    "name": "Adam Bassett",
                    "email": "adam@bassettandbrush.com"
                }
            ],
            "description": "A simple package to look up sales tax based on address in washington.",
            "homepage": "https://github.com/sales-tax-lookup/tax-lookup-wa",
            "keywords": [
                "WA tax lookup",
                "sales tax",
                "sales tax finder",
                "washtington state"
            ],
            "time": "2017-06-02T22:00:59+00:00"
        }
    ],
    "packages-dev": [],
    "aliases": [],
    "minimum-stability": "beta",
    "stability-flags": {
        "sales-tax-lookup/sales-tax-wa": 10
    },
    "prefer-stable": false,
    "prefer-lowest": false,
    "platform": [],
    "platform-dev": []
}
