{
    "_readme": [
        "This file locks the dependencies of your project to a known state",
        "Read more about it at https://getcomposer.org/doc/01-basic-usage.md#composer-lock-the-lock-file",
        "This file is @generated automatically"
    ],
    "content-hash": "45e12590183f4b6bbd6ba0c586ee6953",
    "packages": [
        {
            "name": "sales-tax-lookup/sales-tax-wa",
            "version": "v1.1.0-beta",
            "source": {
                "type": "git",
                "url": "https://github.com/sales-tax-lookup/sales-tax-wa.git",
                "reference": "a61e4197375d0c03ce07afef7c2141ad7646d61c"
            },
            "dist": {
                "type": "zip",
                "url": "https://api.github.com/repos/sales-tax-lookup/sales-tax-wa/zipball/a61e4197375d0c03ce07afef7c2141ad7646d61c",
                "reference": "a61e4197375d0c03ce07afef7c2141ad7646d61c",
                "shasum": ""
            },
            "require": {
                "php": "^7.0"
            },
            "require-dev": {
                "phpspec/phpspec": "^3.4"
            },
            "type": "library",
            "autoload": {
                "psr-4": {
                    "SalesTaxWa\\": "src/"
                }
            },
            "notification-url": "https://packagist.org/downloads/",
            "license": [
                "MIT"
            ],
            "authors": [
                {
                    "name": "Adam Bassett",
                    "email": "adam@bassettandbrush.com"
                }
            ],
            "description": "A simple package to look up sales tax based on address in washington.",
            "homepage": "https://github.com/sales-tax-lookup/tax-lookup-wa",
            "keywords": [
                "WA tax lookup",
                "sales tax",
                "sales tax finder",
                "washtington state"
            ],
            "time": "2017-06-26T22:46:18+00:00"
        }
    ],
    "packages-dev": [],
    "aliases": [],
    "minimum-stability": "beta",
    "stability-flags": {
        "sales-tax-lookup/sales-tax-wa": 10
    },
    "prefer-stable": false,
    "prefer-lowest": false,
    "platform": [],
    "platform-dev": []
}
